<?xml version="1.0" encoding="utf-8"?>
<Project ToolsVersion="4.0" xmlns="http://schemas.microsoft.com/developer/msbuild/2003">
  <ItemGroup>
    <Filter Include="Source Files">
      <UniqueIdentifier>{4FC737F1-C7A5-4376-A066-2A32D752A2FF}</UniqueIdentifier>
      <Extensions>cpp;c;cc;cxx;def;odl;idl;hpj;bat;asm;asmx</Extensions>
    </Filter>
    <Filter Include="Source Files\GameStates">
      <UniqueIdentifier>{97cd3d45-ba37-47e7-9e40-4f2fbd11e8ca}</UniqueIdentifier>
    </Filter>
    <Filter Include="Source Files\Sandbox2D">
      <UniqueIdentifier>{d553e124-c94f-412d-ab5b-2a2386896fb8}</UniqueIdentifier>
    </Filter>
    <Filter Include="Source Files\Sandbox2D\Core">
      <UniqueIdentifier>{0d4d987f-5a9d-4018-86a7-6808785dcc54}</UniqueIdentifier>
    </Filter>
    <Filter Include="Source Files\Sandbox2D\Core\Widgets">
      <UniqueIdentifier>{842205ba-695d-4df1-ab1b-41f827a3e7e9}</UniqueIdentifier>
    </Filter>
    <Filter Include="Source Files\Sandbox2D\Core\Utility">
      <UniqueIdentifier>{88b63d71-656a-4673-9139-af741e888b3f}</UniqueIdentifier>
    </Filter>
    <Filter Include="Source Files\Sandbox2D\Core\Physics">
      <UniqueIdentifier>{584842c9-5823-432a-8e3a-fa8c6539d31d}</UniqueIdentifier>
    </Filter>
  </ItemGroup>
  <ItemGroup>
    <ClInclude Include="stdafx.h">
      <Filter>Source Files\Sandbox2D\Core</Filter>
    </ClInclude>
    <ClInclude Include="Sandbox2D\Structs.h">
      <Filter>Source Files\Sandbox2D\Core</Filter>
    </ClInclude>
    <ClInclude Include="Sandbox2D\Bitmap.h">
      <Filter>Source Files\Sandbox2D\Core</Filter>
    </ClInclude>
    <ClInclude Include="Sandbox2D\Font.h">
      <Filter>Source Files\Sandbox2D\Core</Filter>
    </ClInclude>
    <ClInclude Include="Sandbox2D\InputManager.h">
      <Filter>Source Files\Sandbox2D\Core</Filter>
    </ClInclude>
    <ClInclude Include="Sandbox2D\Any.h">
      <Filter>Source Files\Sandbox2D\Core</Filter>
    </ClInclude>
    <ClInclude Include="Sandbox2D\GameSettings.h">
      <Filter>Source Files\Sandbox2D\Core</Filter>
    </ClInclude>
    <ClInclude Include="Sandbox2D\Graphics.h">
      <Filter>Source Files\Sandbox2D\Core</Filter>
    </ClInclude>
    <ClInclude Include="Sandbox2D\Cache.h">
      <Filter>Source Files\Sandbox2D\Core</Filter>
    </ClInclude>
    <ClInclude Include="Sandbox2D\Widgets\ButtonWidget.h">
      <Filter>Source Files\Sandbox2D\Core\Widgets</Filter>
    </ClInclude>
    <ClInclude Include="Sandbox2D\Widgets\LabelWidget.h">
      <Filter>Source Files\Sandbox2D\Core\Widgets</Filter>
    </ClInclude>
    <ClInclude Include="Sandbox2D\Widgets\PanelWidget.h">
      <Filter>Source Files\Sandbox2D\Core\Widgets</Filter>
    </ClInclude>
    <ClInclude Include="Sandbox2D\Widgets\Widget.h">
      <Filter>Source Files\Sandbox2D\Core\Widgets</Filter>
    </ClInclude>
    <ClInclude Include="Sandbox2D\Widgets\BitmapWidget.h">
      <Filter>Source Files\Sandbox2D\Core\Widgets</Filter>
    </ClInclude>
    <ClInclude Include="Sandbox2D\GameState.h">
      <Filter>Source Files\Sandbox2D\Core</Filter>
    </ClInclude>
    <ClInclude Include="Sandbox2D\TextUtils.h">
      <Filter>Source Files\Sandbox2D\Core\Utility</Filter>
    </ClInclude>
    <ClInclude Include="Sandbox2D\PrecisionTimer.h">
      <Filter>Source Files\Sandbox2D\Core\Utility</Filter>
    </ClInclude>
    <ClInclude Include="Sandbox2D\Logging.h">
      <Filter>Source Files\Sandbox2D\Core\Utility</Filter>
    </ClInclude>
    <ClInclude Include="EntryState.h">
      <Filter>Source Files\GameStates</Filter>
    </ClInclude>
    <ClInclude Include="Sandbox2D\Sandbox2D.h">
      <Filter>Source Files\Sandbox2D\Core</Filter>
    </ClInclude>
    <ClInclude Include="Sandbox2D\Geometry.h">
      <Filter>Source Files\Sandbox2D\Core\Utility</Filter>
    </ClInclude>
    <ClInclude Include="Sandbox2D\Physics\PhysicsObject.h">
      <Filter>Source Files\Sandbox2D\Core\Physics</Filter>
    </ClInclude>
    <ClInclude Include="Sandbox2D\Physics\ContactListener.h">
      <Filter>Source Files\Sandbox2D\Core\Physics</Filter>
    </ClInclude>
    <ClInclude Include="Sandbox2D\Physics.h">
      <Filter>Source Files\Sandbox2D\Core\Physics</Filter>
    </ClInclude>
    <ClInclude Include="Sandbox2D\Physics\PhysicsJoint.h">
      <Filter>Source Files\Sandbox2D\Core\Physics</Filter>
    </ClInclude>
  </ItemGroup>
  <ItemGroup>
    <ClCompile Include="main.cpp">
      <Filter>Source Files\Sandbox2D\Core</Filter>
    </ClCompile>
    <ClCompile Include="Sandbox2D\InputManager.cpp">
      <Filter>Source Files\Sandbox2D\Core</Filter>
    </ClCompile>
    <ClCompile Include="Sandbox2D\PrecisionTimer.cpp">
      <Filter>Source Files\Sandbox2D\Core\Utility</Filter>
    </ClCompile>
    <ClCompile Include="EntryState.cpp">
      <Filter>Source Files\GameStates</Filter>
    </ClCompile>
    <ClCompile Include="Sandbox2D\Sandbox2D.cpp">
      <Filter>Source Files\Sandbox2D\Core</Filter>
    </ClCompile>
    <ClCompile Include="Sandbox2D\Physics\PhysicsObject.cpp">
      <Filter>Source Files\Sandbox2D\Core\Physics</Filter>
    </ClCompile>
  </ItemGroup>
</Project>